
Microsoft Visual Studio Solution File, Format Version 12.00
# Visual Studio Version 16
VisualStudioVersion = 16.0.29709.97
MinimumVisualStudioVersion = 10.0.40219.1
Project("{8BC9CEB8-8B4A-11D0-8D11-00A0C91BC942}") = "Lab 1", "Data Structures Labs\Data Structures Labs.vcxproj", "{582CF377-948B-4E5F-AC2E-044BDE1C1FB9}"
EndProject
Project("{8BC9CEB8-8B4A-11D0-8D11-00A0C91BC942}") = "Lab 2", "Lab 2\Lab 2.vcxproj", "{1514FF8B-75E3-4945-8F57-1141D5CC4E7C}"
EndProject
Project("{8BC9CEB8-8B4A-11D0-8D11-00A0C91BC942}") = "Lab 3", "Lab 3\Lab 3.vcxproj", "{287BD3C7-4FB2-44DC-9033-925C81980E5E}"
EndProject
Project("{8BC9CEB8-8B4A-11D0-8D11-00A0C91BC942}") = "Lab 4", "Lab 4\Lab 4.vcxproj", "{B61DE427-BFA2-439F-91A0-2C8A01ED25B5}"
EndProject
Project("{8BC9CEB8-8B4A-11D0-8D11-00A0C91BC942}") = "In Class Work", "In Class Work\In Class Work.vcxproj", "{2C1354B8-0F90-40C5-83A8-DBF3B6EA22AB}"
EndProject
Project("{8BC9CEB8-8B4A-11D0-8D11-00A0C91BC942}") = "Lab 5A", "Lab 5\Lab 5.vcxproj", "{40AFC944-C7FD-4DEB-834D-7886F3F64C2A}"
EndProject
Project("{8BC9CEB8-8B4A-11D0-8D11-00A0C91BC942}") = "Lab 5B", "Lab 5B\Lab 5B.vcxproj", "{944AA0B7-739D-4730-8050-70B270E42EA1}"
EndProject
Project("{8BC9CEB8-8B4A-11D0-8D11-00A0C91BC942}") = "Homework 2", "Homework 2\Homework 2.vcxproj", "{7BF9BD78-78D3-4C24-8F8B-C47CC3F21E54}"
EndProject
Project("{8BC9CEB8-8B4A-11D0-8D11-00A0C91BC942}") = "Lab 6", "Lab 6\Lab 6.vcxproj", "{B107CF1B-7742-4524-A55B-1D7976CD9705}"
EndProject
Project("{8BC9CEB8-8B4A-11D0-8D11-00A0C91BC942}") = "Lab 7", "Lab 7\Lab 7.vcxproj", "{D146C76D-DCE8-4FBB-A0A0-4652A274C93C}"
EndProject
Project("{8BC9CEB8-8B4A-11D0-8D11-00A0C91BC942}") = "Homework 3", "HW 3\Homework 3.vcxproj", "{C7E2CF1A-CD86-4893-B55C-7113148D206F}"
EndProject
Global
	GlobalSection(SolutionConfigurationPlatforms) = preSolution
		Debug|x64 = Debug|x64
		Debug|x86 = Debug|x86
		Release|x64 = Release|x64
		Release|x86 = Release|x86
	EndGlobalSection
	GlobalSection(ProjectConfigurationPlatforms) = postSolution
		{582CF377-948B-4E5F-AC2E-044BDE1C1FB9}.Debug|x64.ActiveCfg = Debug|x64
		{582CF377-948B-4E5F-AC2E-044BDE1C1FB9}.Debug|x64.Build.0 = Debug|x64
		{582CF377-948B-4E5F-AC2E-044BDE1C1FB9}.Debug|x86.ActiveCfg = Debug|Win32
		{582CF377-948B-4E5F-AC2E-044BDE1C1FB9}.Debug|x86.Build.0 = Debug|Win32
		{582CF377-948B-4E5F-AC2E-044BDE1C1FB9}.Release|x64.ActiveCfg = Release|x64
		{582CF377-948B-4E5F-AC2E-044BDE1C1FB9}.Release|x64.Build.0 = Release|x64
		{582CF377-948B-4E5F-AC2E-044BDE1C1FB9}.Release|x86.ActiveCfg = Release|Win32
		{582CF377-948B-4E5F-AC2E-044BDE1C1FB9}.Release|x86.Build.0 = Release|Win32
		{1514FF8B-75E3-4945-8F57-1141D5CC4E7C}.Debug|x64.ActiveCfg = Debug|x64
		{1514FF8B-75E3-4945-8F57-1141D5CC4E7C}.Debug|x64.Build.0 = Debug|x64
		{1514FF8B-75E3-4945-8F57-1141D5CC4E7C}.Debug|x86.ActiveCfg = Debug|Win32
		{1514FF8B-75E3-4945-8F57-1141D5CC4E7C}.Debug|x86.Build.0 = Debug|Win32
		{1514FF8B-75E3-4945-8F57-1141D5CC4E7C}.Release|x64.ActiveCfg = Release|x64
		{1514FF8B-75E3-4945-8F57-1141D5CC4E7C}.Release|x64.Build.0 = Release|x64
		{1514FF8B-75E3-4945-8F57-1141D5CC4E7C}.Release|x86.ActiveCfg = Release|Win32
		{1514FF8B-75E3-4945-8F57-1141D5CC4E7C}.Release|x86.Build.0 = Release|Win32
		{287BD3C7-4FB2-44DC-9033-925C81980E5E}.Debug|x64.ActiveCfg = Debug|x64
		{287BD3C7-4FB2-44DC-9033-925C81980E5E}.Debug|x64.Build.0 = Debug|x64
		{287BD3C7-4FB2-44DC-9033-925C81980E5E}.Debug|x86.ActiveCfg = Debug|Win32
		{287BD3C7-4FB2-44DC-9033-925C81980E5E}.Debug|x86.Build.0 = Debug|Win32
		{287BD3C7-4FB2-44DC-9033-925C81980E5E}.Release|x64.ActiveCfg = Release|x64
		{287BD3C7-4FB2-44DC-9033-925C81980E5E}.Release|x64.Build.0 = Release|x64
		{287BD3C7-4FB2-44DC-9033-925C81980E5E}.Release|x86.ActiveCfg = Release|Win32
		{287BD3C7-4FB2-44DC-9033-925C81980E5E}.Release|x86.Build.0 = Release|Win32
		{B61DE427-BFA2-439F-91A0-2C8A01ED25B5}.Debug|x64.ActiveCfg = Debug|x64
		{B61DE427-BFA2-439F-91A0-2C8A01ED25B5}.Debug|x64.Build.0 = Debug|x64
		{B61DE427-BFA2-439F-91A0-2C8A01ED25B5}.Debug|x86.ActiveCfg = Debug|Win32
		{B61DE427-BFA2-439F-91A0-2C8A01ED25B5}.Debug|x86.Build.0 = Debug|Win32
		{B61DE427-BFA2-439F-91A0-2C8A01ED25B5}.Release|x64.ActiveCfg = Release|x64
		{B61DE427-BFA2-439F-91A0-2C8A01ED25B5}.Release|x64.Build.0 = Release|x64
		{B61DE427-BFA2-439F-91A0-2C8A01ED25B5}.Release|x86.ActiveCfg = Release|Win32
		{B61DE427-BFA2-439F-91A0-2C8A01ED25B5}.Release|x86.Build.0 = Release|Win32
		{2C1354B8-0F90-40C5-83A8-DBF3B6EA22AB}.Debug|x64.ActiveCfg = Debug|x64
		{2C1354B8-0F90-40C5-83A8-DBF3B6EA22AB}.Debug|x64.Build.0 = Debug|x64
		{2C1354B8-0F90-40C5-83A8-DBF3B6EA22AB}.Debug|x86.ActiveCfg = Debug|Win32
		{2C1354B8-0F90-40C5-83A8-DBF3B6EA22AB}.Debug|x86.Build.0 = Debug|Win32
		{2C1354B8-0F90-40C5-83A8-DBF3B6EA22AB}.Release|x64.ActiveCfg = Release|x64
		{2C1354B8-0F90-40C5-83A8-DBF3B6EA22AB}.Release|x64.Build.0 = Release|x64
		{2C1354B8-0F90-40C5-83A8-DBF3B6EA22AB}.Release|x86.ActiveCfg = Release|Win32
		{2C1354B8-0F90-40C5-83A8-DBF3B6EA22AB}.Release|x86.Build.0 = Release|Win32
		{40AFC944-C7FD-4DEB-834D-7886F3F64C2A}.Debug|x64.ActiveCfg = Debug|x64
		{40AFC944-C7FD-4DEB-834D-7886F3F64C2A}.Debug|x64.Build.0 = Debug|x64
		{40AFC944-C7FD-4DEB-834D-7886F3F64C2A}.Debug|x86.ActiveCfg = Debug|Win32
		{40AFC944-C7FD-4DEB-834D-7886F3F64C2A}.Debug|x86.Build.0 = Debug|Win32
		{40AFC944-C7FD-4DEB-834D-7886F3F64C2A}.Release|x64.ActiveCfg = Release|x64
		{40AFC944-C7FD-4DEB-834D-7886F3F64C2A}.Release|x64.Build.0 = Release|x64
		{40AFC944-C7FD-4DEB-834D-7886F3F64C2A}.Release|x86.ActiveCfg = Release|Win32
		{40AFC944-C7FD-4DEB-834D-7886F3F64C2A}.Release|x86.Build.0 = Release|Win32
		{944AA0B7-739D-4730-8050-70B270E42EA1}.Debug|x64.ActiveCfg = Debug|x64
		{944AA0B7-739D-4730-8050-70B270E42EA1}.Debug|x64.Build.0 = Debug|x64
		{944AA0B7-739D-4730-8050-70B270E42EA1}.Debug|x86.ActiveCfg = Debug|Win32
		{944AA0B7-739D-4730-8050-70B270E42EA1}.Debug|x86.Build.0 = Debug|Win32
		{944AA0B7-739D-4730-8050-70B270E42EA1}.Release|x64.ActiveCfg = Release|x64
		{944AA0B7-739D-4730-8050-70B270E42EA1}.Release|x64.Build.0 = Release|x64
		{944AA0B7-739D-4730-8050-70B270E42EA1}.Release|x86.ActiveCfg = Release|Win32
		{944AA0B7-739D-4730-8050-70B270E42EA1}.Release|x86.Build.0 = Release|Win32
		{7BF9BD78-78D3-4C24-8F8B-C47CC3F21E54}.Debug|x64.ActiveCfg = Debug|x64
		{7BF9BD78-78D3-4C24-8F8B-C47CC3F21E54}.Debug|x64.Build.0 = Debug|x64
		{7BF9BD78-78D3-4C24-8F8B-C47CC3F21E54}.Debug|x86.ActiveCfg = Debug|Win32
		{7BF9BD78-78D3-4C24-8F8B-C47CC3F21E54}.Debug|x86.Build.0 = Debug|Win32
		{7BF9BD78-78D3-4C24-8F8B-C47CC3F21E54}.Release|x64.ActiveCfg = Release|x64
		{7BF9BD78-78D3-4C24-8F8B-C47CC3F21E54}.Release|x64.Build.0 = Release|x64
		{7BF9BD78-78D3-4C24-8F8B-C47CC3F21E54}.Release|x86.ActiveCfg = Release|Win32
		{7BF9BD78-78D3-4C24-8F8B-C47CC3F21E54}.Release|x86.Build.0 = Release|Win32
		{B107CF1B-7742-4524-A55B-1D7976CD9705}.Debug|x64.ActiveCfg = Debug|x64
		{B107CF1B-7742-4524-A55B-1D7976CD9705}.Debug|x64.Build.0 = Debug|x64
		{B107CF1B-7742-4524-A55B-1D7976CD9705}.Debug|x86.ActiveCfg = Debug|Win32
		{B107CF1B-7742-4524-A55B-1D7976CD9705}.Debug|x86.Build.0 = Debug|Win32
		{B107CF1B-7742-4524-A55B-1D7976CD9705}.Release|x64.ActiveCfg = Release|x64
		{B107CF1B-7742-4524-A55B-1D7976CD9705}.Release|x64.Build.0 = Release|x64
		{B107CF1B-7742-4524-A55B-1D7976CD9705}.Release|x86.ActiveCfg = Release|Win32
		{B107CF1B-7742-4524-A55B-1D7976CD9705}.Release|x86.Build.0 = Release|Win32
		{D146C76D-DCE8-4FBB-A0A0-4652A274C93C}.Debug|x64.ActiveCfg = Debug|x64
		{D146C76D-DCE8-4FBB-A0A0-4652A274C93C}.Debug|x64.Build.0 = Debug|x64
		{D146C76D-DCE8-4FBB-A0A0-4652A274C93C}.Debug|x86.ActiveCfg = Debug|Win32
		{D146C76D-DCE8-4FBB-A0A0-4652A274C93C}.Debug|x86.Build.0 = Debug|Win32
		{D146C76D-DCE8-4FBB-A0A0-4652A274C93C}.Release|x64.ActiveCfg = Release|x64
		{D146C76D-DCE8-4FBB-A0A0-4652A274C93C}.Release|x64.Build.0 = Release|x64
		{D146C76D-DCE8-4FBB-A0A0-4652A274C93C}.Release|x86.ActiveCfg = Release|Win32
		{D146C76D-DCE8-4FBB-A0A0-4652A274C93C}.Release|x86.Build.0 = Release|Win32
		{C7E2CF1A-CD86-4893-B55C-7113148D206F}.Debug|x64.ActiveCfg = Debug|x64
		{C7E2CF1A-CD86-4893-B55C-7113148D206F}.Debug|x64.Build.0 = Debug|x64
		{C7E2CF1A-CD86-4893-B55C-7113148D206F}.Debug|x86.ActiveCfg = Debug|Win32
		{C7E2CF1A-CD86-4893-B55C-7113148D206F}.Debug|x86.Build.0 = Debug|Win32
		{C7E2CF1A-CD86-4893-B55C-7113148D206F}.Release|x64.ActiveCfg = Release|x64
		{C7E2CF1A-CD86-4893-B55C-7113148D206F}.Release|x64.Build.0 = Release|x64
		{C7E2CF1A-CD86-4893-B55C-7113148D206F}.Release|x86.ActiveCfg = Release|Win32
		{C7E2CF1A-CD86-4893-B55C-7113148D206F}.Release|x86.Build.0 = Release|Win32
	EndGlobalSection
	GlobalSection(SolutionProperties) = preSolution
		HideSolutionNode = FALSE
	EndGlobalSection
	GlobalSection(ExtensibilityGlobals) = postSolution
		SolutionGuid = {8179C069-728F-4C1C-9EDB-6D79F9556D0B}
	EndGlobalSection
EndGlobal
