
Microsoft Visual Studio Solution File, Format Version 12.00
# Visual Studio Version 16
VisualStudioVersion = 16.0.29709.97
MinimumVisualStudioVersion = 10.0.40219.1
Project("{8BC9CEB8-8B4A-11D0-8D11-00A0C91BC942}") = "Data Structures Labs", "Data Structures Labs\Data Structures Labs.vcxproj", "{582CF377-948B-4E5F-AC2E-044BDE1C1FB9}"
EndProject
Project("{8BC9CEB8-8B4A-11D0-8D11-00A0C91BC942}") = "Lab 2", "Lab 2\Lab 2.vcxproj", "{1514FF8B-75E3-4945-8F57-1141D5CC4E7C}"
EndProject
Project("{8BC9CEB8-8B4A-11D0-8D11-00A0C91BC942}") = "Lab 3", "Lab 3\Lab 3.vcxproj", "{287BD3C7-4FB2-44DC-9033-925C81980E5E}"
EndProject
Global
	GlobalSection(SolutionConfigurationPlatforms) = preSolution
		Debug|x64 = Debug|x64
		Debug|x86 = Debug|x86
		Release|x64 = Release|x64
		Release|x86 = Release|x86
	EndGlobalSection
	GlobalSection(ProjectConfigurationPlatforms) = postSolution
		{582CF377-948B-4E5F-AC2E-044BDE1C1FB9}.Debug|x64.ActiveCfg = Debug|x64
		{582CF377-948B-4E5F-AC2E-044BDE1C1FB9}.Debug|x64.Build.0 = Debug|x64
		{582CF377-948B-4E5F-AC2E-044BDE1C1FB9}.Debug|x86.ActiveCfg = Debug|Win32
		{582CF377-948B-4E5F-AC2E-044BDE1C1FB9}.Debug|x86.Build.0 = Debug|Win32
		{582CF377-948B-4E5F-AC2E-044BDE1C1FB9}.Release|x64.ActiveCfg = Release|x64
		{582CF377-948B-4E5F-AC2E-044BDE1C1FB9}.Release|x64.Build.0 = Release|x64
		{582CF377-948B-4E5F-AC2E-044BDE1C1FB9}.Release|x86.ActiveCfg = Release|Win32
		{582CF377-948B-4E5F-AC2E-044BDE1C1FB9}.Release|x86.Build.0 = Release|Win32
		{1514FF8B-75E3-4945-8F57-1141D5CC4E7C}.Debug|x64.ActiveCfg = Debug|x64
		{1514FF8B-75E3-4945-8F57-1141D5CC4E7C}.Debug|x64.Build.0 = Debug|x64
		{1514FF8B-75E3-4945-8F57-1141D5CC4E7C}.Debug|x86.ActiveCfg = Debug|Win32
		{1514FF8B-75E3-4945-8F57-1141D5CC4E7C}.Debug|x86.Build.0 = Debug|Win32
		{1514FF8B-75E3-4945-8F57-1141D5CC4E7C}.Release|x64.ActiveCfg = Release|x64
		{1514FF8B-75E3-4945-8F57-1141D5CC4E7C}.Release|x64.Build.0 = Release|x64
		{1514FF8B-75E3-4945-8F57-1141D5CC4E7C}.Release|x86.ActiveCfg = Release|Win32
		{1514FF8B-75E3-4945-8F57-1141D5CC4E7C}.Release|x86.Build.0 = Release|Win32
		{287BD3C7-4FB2-44DC-9033-925C81980E5E}.Debug|x64.ActiveCfg = Debug|x64
		{287BD3C7-4FB2-44DC-9033-925C81980E5E}.Debug|x64.Build.0 = Debug|x64
		{287BD3C7-4FB2-44DC-9033-925C81980E5E}.Debug|x86.ActiveCfg = Debug|Win32
		{287BD3C7-4FB2-44DC-9033-925C81980E5E}.Debug|x86.Build.0 = Debug|Win32
		{287BD3C7-4FB2-44DC-9033-925C81980E5E}.Release|x64.ActiveCfg = Release|x64
		{287BD3C7-4FB2-44DC-9033-925C81980E5E}.Release|x64.Build.0 = Release|x64
		{287BD3C7-4FB2-44DC-9033-925C81980E5E}.Release|x86.ActiveCfg = Release|Win32
		{287BD3C7-4FB2-44DC-9033-925C81980E5E}.Release|x86.Build.0 = Release|Win32
	EndGlobalSection
	GlobalSection(SolutionProperties) = preSolution
		HideSolutionNode = FALSE
	EndGlobalSection
	GlobalSection(ExtensibilityGlobals) = postSolution
		SolutionGuid = {8179C069-728F-4C1C-9EDB-6D79F9556D0B}
	EndGlobalSection
EndGlobal
